
Microsoft Visual Studio Solution File, Format Version 12.00
# Visual Studio Version 16
VisualStudioVersion = 16.0.28803.352
MinimumVisualStudioVersion = 10.0.40219.1
Project("{FAE04EC0-301F-11D3-BF4B-00C04F79EFBC}") = "SCHOOL", "SCHOOL\SCHOOL.csproj", "{917D1433-A6AF-4DEA-80A4-756AC5057B6D}"
EndProject
Project("{FAE04EC0-301F-11D3-BF4B-00C04F79EFBC}") = "Mbb", "Mbb\Mbb.csproj", "{8A252894-86E7-40CD-9927-61EF21C7E6FD}"
EndProject
Project("{FAE04EC0-301F-11D3-BF4B-00C04F79EFBC}") = "Models", "Models\Models.csproj", "{C04C98BB-C126-4646-8BCC-CDCA058EF357}"
EndProject
Global
	GlobalSection(SolutionConfigurationPlatforms) = preSolution
		Debug|Any CPU = Debug|Any CPU
		Release|Any CPU = Release|Any CPU
	EndGlobalSection
	GlobalSection(ProjectConfigurationPlatforms) = postSolution
		{917D1433-A6AF-4DEA-80A4-756AC5057B6D}.Debug|Any CPU.ActiveCfg = Debug|Any CPU
		{917D1433-A6AF-4DEA-80A4-756AC5057B6D}.Debug|Any CPU.Build.0 = Debug|Any CPU
		{917D1433-A6AF-4DEA-80A4-756AC5057B6D}.Release|Any CPU.ActiveCfg = Release|Any CPU
		{917D1433-A6AF-4DEA-80A4-756AC5057B6D}.Release|Any CPU.Build.0 = Release|Any CPU
		{8A252894-86E7-40CD-9927-61EF21C7E6FD}.Debug|Any CPU.ActiveCfg = Debug|Any CPU
		{8A252894-86E7-40CD-9927-61EF21C7E6FD}.Debug|Any CPU.Build.0 = Debug|Any CPU
		{8A252894-86E7-40CD-9927-61EF21C7E6FD}.Release|Any CPU.ActiveCfg = Release|Any CPU
		{8A252894-86E7-40CD-9927-61EF21C7E6FD}.Release|Any CPU.Build.0 = Release|Any CPU
		{C04C98BB-C126-4646-8BCC-CDCA058EF357}.Debug|Any CPU.ActiveCfg = Debug|Any CPU
		{C04C98BB-C126-4646-8BCC-CDCA058EF357}.Debug|Any CPU.Build.0 = Debug|Any CPU
		{C04C98BB-C126-4646-8BCC-CDCA058EF357}.Release|Any CPU.ActiveCfg = Release|Any CPU
		{C04C98BB-C126-4646-8BCC-CDCA058EF357}.Release|Any CPU.Build.0 = Release|Any CPU
	EndGlobalSection
	GlobalSection(SolutionProperties) = preSolution
		HideSolutionNode = FALSE
	EndGlobalSection
	GlobalSection(ExtensibilityGlobals) = postSolution
		SolutionGuid = {EE29FF13-F343-4344-94DE-B816E49C231C}
	EndGlobalSection
EndGlobal
